
Microsoft Visual Studio Solution File, Format Version 12.00
# Visual Studio Version 16
VisualStudioVersion = 16.0.30011.22
MinimumVisualStudioVersion = 10.0.40219.1
Project("{FAE04EC0-301F-11D3-BF4B-00C04F79EFBC}") = "laba4cs", "laba4cs\laba4cs.csproj", "{0FC8CB8A-1A93-43E0-AD3C-D35FFDB9FCED}"
EndProject
Global
	GlobalSection(SolutionConfigurationPlatforms) = preSolution
		Debug|Any CPU = Debug|Any CPU
		Release|Any CPU = Release|Any CPU
	EndGlobalSection
	GlobalSection(ProjectConfigurationPlatforms) = postSolution
		{0FC8CB8A-1A93-43E0-AD3C-D35FFDB9FCED}.Debug|Any CPU.ActiveCfg = Debug|Any CPU
		{0FC8CB8A-1A93-43E0-AD3C-D35FFDB9FCED}.Debug|Any CPU.Build.0 = Debug|Any CPU
		{0FC8CB8A-1A93-43E0-AD3C-D35FFDB9FCED}.Release|Any CPU.ActiveCfg = Release|Any CPU
		{0FC8CB8A-1A93-43E0-AD3C-D35FFDB9FCED}.Release|Any CPU.Build.0 = Release|Any CPU
	EndGlobalSection
	GlobalSection(SolutionProperties) = preSolution
		HideSolutionNode = FALSE
	EndGlobalSection
	GlobalSection(ExtensibilityGlobals) = postSolution
		SolutionGuid = {39F23712-691F-4241-8E5C-6587B00334C1}
	EndGlobalSection
EndGlobal
